
Microsoft Visual Studio Solution File, Format Version 12.00
# Visual Studio Version 17
VisualStudioVersion = 17.14.36310.24 d17.14
MinimumVisualStudioVersion = 10.0.40219.1
Project("{FAE04EC0-301F-11D3-BF4B-00C04F79EFBC}") = "FirstWebApp", "FirstWebApp\FirstWebApp.csproj", "{AFAD501B-3A5C-4452-AC6F-EF22143755C0}"
EndProject
Global
	GlobalSection(SolutionConfigurationPlatforms) = preSolution
		Debug|Any CPU = Debug|Any CPU
		Release|Any CPU = Release|Any CPU
	EndGlobalSection
	GlobalSection(ProjectConfigurationPlatforms) = postSolution
		{AFAD501B-3A5C-4452-AC6F-EF22143755C0}.Debug|Any CPU.ActiveCfg = Debug|Any CPU
		{AFAD501B-3A5C-4452-AC6F-EF22143755C0}.Debug|Any CPU.Build.0 = Debug|Any CPU
		{AFAD501B-3A5C-4452-AC6F-EF22143755C0}.Release|Any CPU.ActiveCfg = Release|Any CPU
		{AFAD501B-3A5C-4452-AC6F-EF22143755C0}.Release|Any CPU.Build.0 = Release|Any CPU
	EndGlobalSection
	GlobalSection(SolutionProperties) = preSolution
		HideSolutionNode = FALSE
	EndGlobalSection
	GlobalSection(ExtensibilityGlobals) = postSolution
		SolutionGuid = {7BE8A999-9A1B-407F-AC87-D8174C94CC8B}
	EndGlobalSection
EndGlobal
